
Microsoft Visual Studio Solution File, Format Version 12.00
# Visual Studio Version 17
VisualStudioVersion = 17.14.36414.22 d17.14
MinimumVisualStudioVersion = 10.0.40219.1
Project("{FAE04EC0-301F-11D3-BF4B-00C04F79EFBC}") = "1Laba", "1Laba\1Laba.csproj", "{FB311CD5-8370-4940-BC7D-6F0ED693B3EA}"
EndProject
Global
	GlobalSection(SolutionConfigurationPlatforms) = preSolution
		Debug|Any CPU = Debug|Any CPU
		Release|Any CPU = Release|Any CPU
	EndGlobalSection
	GlobalSection(ProjectConfigurationPlatforms) = postSolution
		{FB311CD5-8370-4940-BC7D-6F0ED693B3EA}.Debug|Any CPU.ActiveCfg = Debug|Any CPU
		{FB311CD5-8370-4940-BC7D-6F0ED693B3EA}.Debug|Any CPU.Build.0 = Debug|Any CPU
		{FB311CD5-8370-4940-BC7D-6F0ED693B3EA}.Release|Any CPU.ActiveCfg = Release|Any CPU
		{FB311CD5-8370-4940-BC7D-6F0ED693B3EA}.Release|Any CPU.Build.0 = Release|Any CPU
	EndGlobalSection
	GlobalSection(SolutionProperties) = preSolution
		HideSolutionNode = FALSE
	EndGlobalSection
	GlobalSection(ExtensibilityGlobals) = postSolution
		SolutionGuid = {075766F5-2183-463A-A810-7B5ABF9A51B1}
	EndGlobalSection
EndGlobal
